
Microsoft Visual Studio Solution File, Format Version 12.00
# Visual Studio Version 16
VisualStudioVersion = 16.0.810.17
MinimumVisualStudioVersion = 10.0.40219.1
Project("{FAE04EC0-301F-11D3-BF4B-00C04F79EFBC}") = "YacineCodingChallenge", "YacineCodingChallenge\YacineCodingChallenge.csproj", "{17EEA6E6-0A5F-41B7-B152-F5D842B44B7B}"
EndProject
Project("{FAE04EC0-301F-11D3-BF4B-00C04F79EFBC}") = "CodingChallenge.UnitTests", "CodingChallenge.UnitTests\CodingChallenge.UnitTests.csproj", "{6F5E3A06-5D69-4B47-93BD-22239486859E}"
EndProject
Global
	GlobalSection(SolutionConfigurationPlatforms) = preSolution
		Debug|Any CPU = Debug|Any CPU
		Release|Any CPU = Release|Any CPU
	EndGlobalSection
	GlobalSection(ProjectConfigurationPlatforms) = postSolution
		{17EEA6E6-0A5F-41B7-B152-F5D842B44B7B}.Debug|Any CPU.ActiveCfg = Debug|Any CPU
		{17EEA6E6-0A5F-41B7-B152-F5D842B44B7B}.Debug|Any CPU.Build.0 = Debug|Any CPU
		{17EEA6E6-0A5F-41B7-B152-F5D842B44B7B}.Release|Any CPU.ActiveCfg = Release|Any CPU
		{17EEA6E6-0A5F-41B7-B152-F5D842B44B7B}.Release|Any CPU.Build.0 = Release|Any CPU
		{6F5E3A06-5D69-4B47-93BD-22239486859E}.Debug|Any CPU.ActiveCfg = Debug|Any CPU
		{6F5E3A06-5D69-4B47-93BD-22239486859E}.Debug|Any CPU.Build.0 = Debug|Any CPU
		{6F5E3A06-5D69-4B47-93BD-22239486859E}.Release|Any CPU.ActiveCfg = Release|Any CPU
		{6F5E3A06-5D69-4B47-93BD-22239486859E}.Release|Any CPU.Build.0 = Release|Any CPU
	EndGlobalSection
	GlobalSection(SolutionProperties) = preSolution
		HideSolutionNode = FALSE
	EndGlobalSection
	GlobalSection(ExtensibilityGlobals) = postSolution
		SolutionGuid = {3FB8D77C-E579-47DC-AD84-5AF25EE4D21F}
	EndGlobalSection
EndGlobal
